// !$*UTF8*$!
{
	archiveVersion = 1;
	classes = {
	};
	objectVersion = 50;
	objects = {

/* Begin PBXBuildFile section */
		B07C9A0D210DADE60030892B /* AppDelegate.swift in Sources */ = {isa = PBXBuildFile; fileRef = B07C9A0C210DADE60030892B /* AppDelegate.swift */; };
		B07C9A0F210DADE60030892B /* ViewController.swift in Sources */ = {isa = PBXBuildFile; fileRef = B07C9A0E210DADE60030892B /* ViewController.swift */; };
		B07C9A12210DADE60030892B /* Main.storyboard in Resources */ = {isa = PBXBuildFile; fileRef = B07C9A10210DADE60030892B /* Main.storyboard */; };
		B07C9A14210DADE80030892B /* Assets.xcassets in Resources */ = {isa = PBXBuildFile; fileRef = B07C9A13210DADE80030892B /* Assets.xcassets */; };
		B07C9A17210DADE80030892B /* LaunchScreen.storyboard in Resources */ = {isa = PBXBuildFile; fileRef = B07C9A15210DADE80030892B /* LaunchScreen.storyboard */; };
		B07C9A22210DADE80030892B /* CoreML_Vision_ObjectRecognizerTests.swift in Sources */ = {isa = PBXBuildFile; fileRef = B07C9A21210DADE80030892B /* CoreML_Vision_ObjectRecognizerTests.swift */; };
		B07C9A2D210DADE80030892B /* CoreML_Vision_ObjectRecognizerUITests.swift in Sources */ = {isa = PBXBuildFile; fileRef = B07C9A2C210DADE80030892B /* CoreML_Vision_ObjectRecognizerUITests.swift */; };
/* End PBXBuildFile section */

/* Begin PBXContainerItemProxy section */
		B07C9A1E210DADE80030892B /* PBXContainerItemProxy */ = {
			isa = PBXContainerItemProxy;
			containerPortal = B07C9A01210DADE60030892B /* Project object */;
			proxyType = 1;
			remoteGlobalIDString = B07C9A08210DADE60030892B;
			remoteInfo = "CoreML-Vision-ObjectRecognizer";
		};
		B07C9A29210DADE80030892B /* PBXContainerItemProxy */ = {
			isa = PBXContainerItemProxy;
			containerPortal = B07C9A01210DADE60030892B /* Project object */;
			proxyType = 1;
			remoteGlobalIDString = B07C9A08210DADE60030892B;
			remoteInfo = "CoreML-Vision-ObjectRecognizer";
		};
/* End PBXContainerItemProxy section */

/* Begin PBXFileReference section */
		B07C9A09210DADE60030892B /* CoreML-Vision-ObjectRecognizer.app */ = {isa = PBXFileReference; explicitFileType = wrapper.application; includeInIndex = 0; path = "CoreML-Vision-ObjectRecognizer.app"; sourceTree = BUILT_PRODUCTS_DIR; };
		B07C9A0C210DADE60030892B /* AppDelegate.swift */ = {isa = PBXFileReference; lastKnownFileType = sourcecode.swift; path = AppDelegate.swift; sourceTree = "<group>"; };
		B07C9A0E210DADE60030892B /* ViewController.swift */ = {isa = PBXFileReference; lastKnownFileType = sourcecode.swift; path = ViewController.swift; sourceTree = "<group>"; };
		B07C9A11210DADE60030892B /* Base */ = {isa = PBXFileReference; lastKnownFileType = file.storyboard; name = Base; path = Base.lproj/Main.storyboard; sourceTree = "<group>"; };
		B07C9A13210DADE80030892B /* Assets.xcassets */ = {isa = PBXFileReference; lastKnownFileType = folder.assetcatalog; path = Assets.xcassets; sourceTree = "<group>"; };
		B07C9A16210DADE80030892B /* Base */ = {isa = PBXFileReference; lastKnownFileType = file.storyboard; name = Base; path = Base.lproj/LaunchScreen.storyboard; sourceTree = "<group>"; };
		B07C9A18210DADE80030892B /* Info.plist */ = {isa = PBXFileReference; lastKnownFileType = text.plist.xml; path = Info.plist; sourceTree = "<group>"; };
		B07C9A1D210DADE80030892B /* CoreML-Vision-ObjectRecognizerTests.xctest */ = {isa = PBXFileReference; explicitFileType = wrapper.cfbundle; includeInIndex = 0; path = "CoreML-Vision-ObjectRecognizerTests.xctest"; sourceTree = BUILT_PRODUCTS_DIR; };
		B07C9A21210DADE80030892B /* CoreML_Vision_ObjectRecognizerTests.swift */ = {isa = PBXFileReference; lastKnownFileType = sourcecode.swift; path = CoreML_Vision_ObjectRecognizerTests.swift; sourceTree = "<group>"; };
		B07C9A23210DADE80030892B /* Info.plist */ = {isa = PBXFileReference; lastKnownFileType = text.plist.xml; path = Info.plist; sourceTree = "<group>"; };
		B07C9A28210DADE80030892B /* CoreML-Vision-ObjectRecognizerUITests.xctest */ = {isa = PBXFileReference; explicitFileType = wrapper.cfbundle; includeInIndex = 0; path = "CoreML-Vision-ObjectRecognizerUITests.xctest"; sourceTree = BUILT_PRODUCTS_DIR; };
		B07C9A2C210DADE80030892B /* CoreML_Vision_ObjectRecognizerUITests.swift */ = {isa = PBXFileReference; lastKnownFileType = sourcecode.swift; path = CoreML_Vision_ObjectRecognizerUITests.swift; sourceTree = "<group>"; };
		B07C9A2E210DADE80030892B /* Info.plist */ = {isa = PBXFileReference; lastKnownFileType = text.plist.xml; path = Info.plist; sourceTree = "<group>"; };
/* End PBXFileReference section */

/* Begin PBXFrameworksBuildPhase section */
		B07C9A06210DADE60030892B /* Frameworks */ = {
			isa = PBXFrameworksBuildPhase;
			buildActionMask = 2147483647;
			files = (
			);
			runOnlyForDeploymentPostprocessing = 0;
		};
		B07C9A1A210DADE80030892B /* Frameworks */ = {
			isa = PBXFrameworksBuildPhase;
			buildActionMask = 2147483647;
			files = (
			);
			runOnlyForDeploymentPostprocessing = 0;
		};
		B07C9A25210DADE80030892B /* Frameworks */ = {
			isa = PBXFrameworksBuildPhase;
			buildActionMask = 2147483647;
			files = (
			);
			runOnlyForDeploymentPostprocessing = 0;
		};
/* End PBXFrameworksBuildPhase section */

/* Begin PBXGroup section */
		B07C9A00210DADE60030892B = {
			isa = PBXGroup;
			children = (
				B07C9A0B210DADE60030892B /* CoreML-Vision-ObjectRecognizer */,
				B07C9A20210DADE80030892B /* CoreML-Vision-ObjectRecognizerTests */,
				B07C9A2B210DADE80030892B /* CoreML-Vision-ObjectRecognizerUITests */,
				B07C9A0A210DADE60030892B /* Products */,
			);
			sourceTree = "<group>";
		};
		B07C9A0A210DADE60030892B /* Products */ = {
			isa = PBXGroup;
			children = (
				B07C9A09210DADE60030892B /* CoreML-Vision-ObjectRecognizer.app */,
				B07C9A1D210DADE80030892B /* CoreML-Vision-ObjectRecognizerTests.xctest */,
				B07C9A28210DADE80030892B /* CoreML-Vision-ObjectRecognizerUITests.xctest */,
			);
			name = Products;
			sourceTree = "<group>";
		};
		B07C9A0B210DADE60030892B /* CoreML-Vision-ObjectRecognizer */ = {
			isa = PBXGroup;
			children = (
				B07C9A0C210DADE60030892B /* AppDelegate.swift */,
				B07C9A0E210DADE60030892B /* ViewController.swift */,
				B07C9A10210DADE60030892B /* Main.storyboard */,
				B07C9A13210DADE80030892B /* Assets.xcassets */,
				B07C9A15210DADE80030892B /* LaunchScreen.storyboard */,
				B07C9A18210DADE80030892B /* Info.plist */,
			);
			path = "CoreML-Vision-ObjectRecognizer";
			sourceTree = "<group>";
		};
		B07C9A20210DADE80030892B /* CoreML-Vision-ObjectRecognizerTests */ = {
			isa = PBXGroup;
			children = (
				B07C9A21210DADE80030892B /* CoreML_Vision_ObjectRecognizerTests.swift */,
				B07C9A23210DADE80030892B /* Info.plist */,
			);
			path = "CoreML-Vision-ObjectRecognizerTests";
			sourceTree = "<group>";
		};
		B07C9A2B210DADE80030892B /* CoreML-Vision-ObjectRecognizerUITests */ = {
			isa = PBXGroup;
			children = (
				B07C9A2C210DADE80030892B /* CoreML_Vision_ObjectRecognizerUITests.swift */,
				B07C9A2E210DADE80030892B /* Info.plist */,
			);
			path = "CoreML-Vision-ObjectRecognizerUITests";
			sourceTree = "<group>";
		};
/* End PBXGroup section */

/* Begin PBXNativeTarget section */
		B07C9A08210DADE60030892B /* CoreML-Vision-ObjectRecognizer */ = {
			isa = PBXNativeTarget;
			buildConfigurationList = B07C9A31210DADE80030892B /* Build configuration list for PBXNativeTarget "CoreML-Vision-ObjectRecognizer" */;
			buildPhases = (
				B07C9A05210DADE60030892B /* Sources */,
				B07C9A06210DADE60030892B /* Frameworks */,
				B07C9A07210DADE60030892B /* Resources */,
			);
			buildRules = (
			);
			dependencies = (
			);
			name = "CoreML-Vision-ObjectRecognizer";
			productName = "CoreML-Vision-ObjectRecognizer";
			productReference = B07C9A09210DADE60030892B /* CoreML-Vision-ObjectRecognizer.app */;
			productType = "com.apple.product-type.application";
		};
		B07C9A1C210DADE80030892B /* CoreML-Vision-ObjectRecognizerTests */ = {
			isa = PBXNativeTarget;
			buildConfigurationList = B07C9A34210DADE80030892B /* Build configuration list for PBXNativeTarget "CoreML-Vision-ObjectRecognizerTests" */;
			buildPhases = (
				B07C9A19210DADE80030892B /* Sources */,
				B07C9A1A210DADE80030892B /* Frameworks */,
				B07C9A1B210DADE80030892B /* Resources */,
			);
			buildRules = (
			);
			dependencies = (
				B07C9A1F210DADE80030892B /* PBXTargetDependency */,
			);
			name = "CoreML-Vision-ObjectRecognizerTests";
			productName = "CoreML-Vision-ObjectRecognizerTests";
			productReference = B07C9A1D210DADE80030892B /* CoreML-Vision-ObjectRecognizerTests.xctest */;
			productType = "com.apple.product-type.bundle.unit-test";
		};
		B07C9A27210DADE80030892B /* CoreML-Vision-ObjectRecognizerUITests */ = {
			isa = PBXNativeTarget;
			buildConfigurationList = B07C9A37210DADE80030892B /* Build configuration list for PBXNativeTarget "CoreML-Vision-ObjectRecognizerUITests" */;
			buildPhases = (
				B07C9A24210DADE80030892B /* Sources */,
				B07C9A25210DADE80030892B /* Frameworks */,
				B07C9A26210DADE80030892B /* Resources */,
			);
			buildRules = (
			);
			dependencies = (
				B07C9A2A210DADE80030892B /* PBXTargetDependency */,
			);
			name = "CoreML-Vision-ObjectRecognizerUITests";
			productName = "CoreML-Vision-ObjectRecognizerUITests";
			productReference = B07C9A28210DADE80030892B /* CoreML-Vision-ObjectRecognizerUITests.xctest */;
			productType = "com.apple.product-type.bundle.ui-testing";
		};
/* End PBXNativeTarget section */

/* Begin PBXProject section */
		B07C9A01210DADE60030892B /* Project object */ = {
			isa = PBXProject;
			attributes = {
				LastSwiftUpdateCheck = 0940;
				LastUpgradeCheck = 0940;
				ORGANIZATIONNAME = "Aditya Chinchure";
				TargetAttributes = {
					B07C9A08210DADE60030892B = {
						CreatedOnToolsVersion = 9.4.1;
					};
					B07C9A1C210DADE80030892B = {
						CreatedOnToolsVersion = 9.4.1;
						TestTargetID = B07C9A08210DADE60030892B;
					};
					B07C9A27210DADE80030892B = {
						CreatedOnToolsVersion = 9.4.1;
						TestTargetID = B07C9A08210DADE60030892B;
					};
				};
			};
			buildConfigurationList = B07C9A04210DADE60030892B /* Build configuration list for PBXProject "CoreML-Vision-ObjectRecognizer" */;
			compatibilityVersion = "Xcode 9.3";
			developmentRegion = en;
			hasScannedForEncodings = 0;
			knownRegions = (
				en,
				Base,
			);
			mainGroup = B07C9A00210DADE60030892B;
			productRefGroup = B07C9A0A210DADE60030892B /* Products */;
			projectDirPath = "";
			projectRoot = "";
			targets = (
				B07C9A08210DADE60030892B /* CoreML-Vision-ObjectRecognizer */,
				B07C9A1C210DADE80030892B /* CoreML-Vision-ObjectRecognizerTests */,
				B07C9A27210DADE80030892B /* CoreML-Vision-ObjectRecognizerUITests */,
			);
		};
/* End PBXProject section */

/* Begin PBXResourcesBuildPhase section */
		B07C9A07210DADE60030892B /* Resources */ = {
			isa = PBXResourcesBuildPhase;
			buildActionMask = 2147483647;
			files = (
				B07C9A17210DADE80030892B /* LaunchScreen.storyboard in Resources */,
				B07C9A14210DADE80030892B /* Assets.xcassets in Resources */,
				B07C9A12210DADE60030892B /* Main.storyboard in Resources */,
			);
			runOnlyForDeploymentPostprocessing = 0;
		};
		B07C9A1B210DADE80030892B /* Resources */ = {
			isa = PBXResourcesBuildPhase;
			buildActionMask = 2147483647;
			files = (
			);
			runOnlyForDeploymentPostprocessing = 0;
		};
		B07C9A26210DADE80030892B /* Resources */ = {
			isa = PBXResourcesBuildPhase;
			buildActionMask = 2147483647;
			files = (
			);
			runOnlyForDeploymentPostprocessing = 0;
		};
/* End PBXResourcesBuildPhase section */

/* Begin PBXSourcesBuildPhase section */
		B07C9A05210DADE60030892B /* Sources */ = {
			isa = PBXSourcesBuildPhase;
			buildActionMask = 2147483647;
			files = (
				B07C9A0F210DADE60030892B /* ViewController.swift in Sources */,
				B07C9A0D210DADE60030892B /* AppDelegate.swift in Sources */,
			);
			runOnlyForDeploymentPostprocessing = 0;
		};
		B07C9A19210DADE80030892B /* Sources */ = {
			isa = PBXSourcesBuildPhase;
			buildActionMask = 2147483647;
			files = (
				B07C9A22210DADE80030892B /* CoreML_Vision_ObjectRecognizerTests.swift in Sources */,
			);
			runOnlyForDeploymentPostprocessing = 0;
		};
		B07C9A24210DADE80030892B /* Sources */ = {
			isa = PBXSourcesBuildPhase;
			buildActionMask = 2147483647;
			files = (
				B07C9A2D210DADE80030892B /* CoreML_Vision_ObjectRecognizerUITests.swift in Sources */,
			);
			runOnlyForDeploymentPostprocessing = 0;
		};
/* End PBXSourcesBuildPhase section */

/* Begin PBXTargetDependency section */
		B07C9A1F210DADE80030892B /* PBXTargetDependency */ = {
			isa = PBXTargetDependency;
			target = B07C9A08210DADE60030892B /* CoreML-Vision-ObjectRecognizer */;
			targetProxy = B07C9A1E210DADE80030892B /* PBXContainerItemProxy */;
		};
		B07C9A2A210DADE80030892B /* PBXTargetDependency */ = {
			isa = PBXTargetDependency;
			target = B07C9A08210DADE60030892B /* CoreML-Vision-ObjectRecognizer */;
			targetProxy = B07C9A29210DADE80030892B /* PBXContainerItemProxy */;
		};
/* End PBXTargetDependency section */

/* Begin PBXVariantGroup section */
		B07C9A10210DADE60030892B /* Main.storyboard */ = {
			isa = PBXVariantGroup;
			children = (
				B07C9A11210DADE60030892B /* Base */,
			);
			name = Main.storyboard;
			sourceTree = "<group>";
		};
		B07C9A15210DADE80030892B /* LaunchScreen.storyboard */ = {
			isa = PBXVariantGroup;
			children = (
				B07C9A16210DADE80030892B /* Base */,
			);
			name = LaunchScreen.storyboard;
			sourceTree = "<group>";
		};
/* End PBXVariantGroup section */

/* Begin XCBuildConfiguration section */
		B07C9A2F210DADE80030892B /* Debug */ = {
			isa = XCBuildConfiguration;
			buildSettings = {
				ALWAYS_SEARCH_USER_PATHS = NO;
				CLANG_ANALYZER_NONNULL = YES;
				CLANG_ANALYZER_NUMBER_OBJECT_CONVERSION = YES_AGGRESSIVE;
				CLANG_CXX_LANGUAGE_STANDARD = "gnu++14";
				CLANG_CXX_LIBRARY = "libc++";
				CLANG_ENABLE_MODULES = YES;
				CLANG_ENABLE_OBJC_ARC = YES;
				CLANG_ENABLE_OBJC_WEAK = YES;
				CLANG_WARN_BLOCK_CAPTURE_AUTORELEASING = YES;
				CLANG_WARN_BOOL_CONVERSION = YES;
				CLANG_WARN_COMMA = YES;
				CLANG_WARN_CONSTANT_CONVERSION = YES;
				CLANG_WARN_DEPRECATED_OBJC_IMPLEMENTATIONS = YES;
				CLANG_WARN_DIRECT_OBJC_ISA_USAGE = YES_ERROR;
				CLANG_WARN_DOCUMENTATION_COMMENTS = YES;
				CLANG_WARN_EMPTY_BODY = YES;
				CLANG_WARN_ENUM_CONVERSION = YES;
				CLANG_WARN_INFINITE_RECURSION = YES;
				CLANG_WARN_INT_CONVERSION = YES;
				CLANG_WARN_NON_LITERAL_NULL_CONVERSION = YES;
				CLANG_WARN_OBJC_IMPLICIT_RETAIN_SELF = YES;
				CLANG_WARN_OBJC_LITERAL_CONVERSION = YES;
				CLANG_WARN_OBJC_ROOT_CLASS = YES_ERROR;
				CLANG_WARN_RANGE_LOOP_ANALYSIS = YES;
				CLANG_WARN_STRICT_PROTOTYPES = YES;
				CLANG_WARN_SUSPICIOUS_MOVE = YES;
				CLANG_WARN_UNGUARDED_AVAILABILITY = YES_AGGRESSIVE;
				CLANG_WARN_UNREACHABLE_CODE = YES;
				CLANG_WARN__DUPLICATE_METHOD_MATCH = YES;
				CODE_SIGN_IDENTITY = "iPhone Developer";
				COPY_PHASE_STRIP = NO;
				DEBUG_INFORMATION_FORMAT = dwarf;
				ENABLE_STRICT_OBJC_MSGSEND = YES;
				ENABLE_TESTABILITY = YES;
				GCC_C_LANGUAGE_STANDARD = gnu11;
				GCC_DYNAMIC_NO_PIC = NO;
				GCC_NO_COMMON_BLOCKS = YES;
				GCC_OPTIMIZATION_LEVEL = 0;
				GCC_PREPROCESSOR_DEFINITIONS = (
					"DEBUG=1",
					"$(inherited)",
				);
				GCC_WARN_64_TO_32_BIT_CONVERSION = YES;
				GCC_WARN_ABOUT_RETURN_TYPE = YES_ERROR;
				GCC_WARN_UNDECLARED_SELECTOR = YES;
				GCC_WARN_UNINITIALIZED_AUTOS = YES_AGGRESSIVE;
				GCC_WARN_UNUSED_FUNCTION = YES;
				GCC_WARN_UNUSED_VARIABLE = YES;
				IPHONEOS_DEPLOYMENT_TARGET = 11.4;
				MTL_ENABLE_DEBUG_INFO = YES;
				ONLY_ACTIVE_ARCH = YES;
				SDKROOT = iphoneos;
				SWIFT_ACTIVE_COMPILATION_CONDITIONS = DEBUG;
				SWIFT_OPTIMIZATION_LEVEL = "-Onone";
			};
			name = Debug;
		};
		B07C9A30210DADE80030892B /* Release */ = {
			isa = XCBuildConfiguration;
			buildSettings = {
				ALWAYS_SEARCH_USER_PATHS = NO;
				CLANG_ANALYZER_NONNULL = YES;
				CLANG_ANALYZER_NUMBER_OBJECT_CONVERSION = YES_AGGRESSIVE;
				CLANG_CXX_LANGUAGE_STANDARD = "gnu++14";
				CLANG_CXX_LIBRARY = "libc++";
				CLANG_ENABLE_MODULES = YES;
				CLANG_ENABLE_OBJC_ARC = YES;
				CLANG_ENABLE_OBJC_WEAK = YES;
				CLANG_WARN_BLOCK_CAPTURE_AUTORELEASING = YES;
				CLANG_WARN_BOOL_CONVERSION = YES;
				CLANG_WARN_COMMA = YES;
				CLANG_WARN_CONSTANT_CONVERSION = YES;
				CLANG_WARN_DEPRECATED_OBJC_IMPLEMENTATIONS = YES;
				CLANG_WARN_DIRECT_OBJC_ISA_USAGE = YES_ERROR;
				CLANG_WARN_DOCUMENTATION_COMMENTS = YES;
				CLANG_WARN_EMPTY_BODY = YES;
				CLANG_WARN_ENUM_CONVERSION = YES;
				CLANG_WARN_INFINITE_RECURSION = YES;
				CLANG_WARN_INT_CONVERSION = YES;
				CLANG_WARN_NON_LITERAL_NULL_CONVERSION = YES;
				CLANG_WARN_OBJC_IMPLICIT_RETAIN_SELF = YES;
				CLANG_WARN_OBJC_LITERAL_CONVERSION = YES;
				CLANG_WARN_OBJC_ROOT_CLASS = YES_ERROR;
				CLANG_WARN_RANGE_LOOP_ANALYSIS = YES;
				CLANG_WARN_STRICT_PROTOTYPES = YES;
				CLANG_WARN_SUSPICIOUS_MOVE = YES;
				CLANG_WARN_UNGUARDED_AVAILABILITY = YES_AGGRESSIVE;
				CLANG_WARN_UNREACHABLE_CODE = YES;
				CLANG_WARN__DUPLICATE_METHOD_MATCH = YES;
				CODE_SIGN_IDENTITY = "iPhone Developer";
				COPY_PHASE_STRIP = NO;
				DEBUG_INFORMATION_FORMAT = "dwarf-with-dsym";
				ENABLE_NS_ASSERTIONS = NO;
				ENABLE_STRICT_OBJC_MSGSEND = YES;
				GCC_C_LANGUAGE_STANDARD = gnu11;
				GCC_NO_COMMON_BLOCKS = YES;
				GCC_WARN_64_TO_32_BIT_CONVERSION = YES;
				GCC_WARN_ABOUT_RETURN_TYPE = YES_ERROR;
				GCC_WARN_UNDECLARED_SELECTOR = YES;
				GCC_WARN_UNINITIALIZED_AUTOS = YES_AGGRESSIVE;
				GCC_WARN_UNUSED_FUNCTION = YES;
				GCC_WARN_UNUSED_VARIABLE = YES;
				IPHONEOS_DEPLOYMENT_TARGET = 11.4;
				MTL_ENABLE_DEBUG_INFO = NO;
				SDKROOT = iphoneos;
				SWIFT_COMPILATION_MODE = wholemodule;
				SWIFT_OPTIMIZATION_LEVEL = "-O";
				VALIDATE_PRODUCT = YES;
			};
			name = Release;
		};
		B07C9A32210DADE80030892B /* Debug */ = {
			isa = XCBuildConfiguration;
			buildSettings = {
				ASSETCATALOG_COMPILER_APPICON_NAME = AppIcon;
				CODE_SIGN_STYLE = Automatic;
				DEVELOPMENT_TEAM = 5QDX4L25MJ;
				INFOPLIST_FILE = "CoreML-Vision-ObjectRecognizer/Info.plist";
				LD_RUNPATH_SEARCH_PATHS = (
					"$(inherited)",
					"@executable_path/Frameworks",
				);
				PRODUCT_BUNDLE_IDENTIFIER = "com.adityachinchure.CoreML-Vision-ObjectRecognizer";
				PRODUCT_NAME = "$(TARGET_NAME)";
				SWIFT_VERSION = 4.0;
				TARGETED_DEVICE_FAMILY = "1,2";
			};
			name = Debug;
		};
		B07C9A33210DADE80030892B /* Release */ = {
			isa = XCBuildConfiguration;
			buildSettings = {
				ASSETCATALOG_COMPILER_APPICON_NAME = AppIcon;
				CODE_SIGN_STYLE = Automatic;
				DEVELOPMENT_TEAM = 5QDX4L25MJ;
				INFOPLIST_FILE = "CoreML-Vision-ObjectRecognizer/Info.plist";
				LD_RUNPATH_SEARCH_PATHS = (
					"$(inherited)",
					"@executable_path/Frameworks",
				);
				PRODUCT_BUNDLE_IDENTIFIER = "com.adityachinchure.CoreML-Vision-ObjectRecognizer";
				PRODUCT_NAME = "$(TARGET_NAME)";
				SWIFT_VERSION = 4.0;
				TARGETED_DEVICE_FAMILY = "1,2";
			};
			name = Release;
		};
		B07C9A35210DADE80030892B /* Debug */ = {
			isa = XCBuildConfiguration;
			buildSettings = {
				ALWAYS_EMBED_SWIFT_STANDARD_LIBRARIES = YES;
				BUNDLE_LOADER = "$(TEST_HOST)";
				CODE_SIGN_STYLE = Automatic;
				DEVELOPMENT_TEAM = 5QDX4L25MJ;
				INFOPLIST_FILE = "CoreML-Vision-ObjectRecognizerTests/Info.plist";
				LD_RUNPATH_SEARCH_PATHS = (
					"$(inherited)",
					"@executable_path/Frameworks",
					"@loader_path/Frameworks",
				);
				PRODUCT_BUNDLE_IDENTIFIER = "com.adityachinchure.CoreML-Vision-ObjectRecognizerTests";
				PRODUCT_NAME = "$(TARGET_NAME)";
				SWIFT_VERSION = 4.0;
				TARGETED_DEVICE_FAMILY = "1,2";
				TEST_HOST = "$(BUILT_PRODUCTS_DIR)/CoreML-Vision-ObjectRecognizer.app/CoreML-Vision-ObjectRecognizer";
			};
			name = Debug;
		};
		B07C9A36210DADE80030892B /* Release */ = {
			isa = XCBuildConfiguration;
			buildSettings = {
				ALWAYS_EMBED_SWIFT_STANDARD_LIBRARIES = YES;
				BUNDLE_LOADER = "$(TEST_HOST)";
				CODE_SIGN_STYLE = Automatic;
				DEVELOPMENT_TEAM = 5QDX4L25MJ;
				INFOPLIST_FILE = "CoreML-Vision-ObjectRecognizerTests/Info.plist";
				LD_RUNPATH_SEARCH_PATHS = (
					"$(inherited)",
					"@executable_path/Frameworks",
					"@loader_path/Frameworks",
				);
				PRODUCT_BUNDLE_IDENTIFIER = "com.adityachinchure.CoreML-Vision-ObjectRecognizerTests";
				PRODUCT_NAME = "$(TARGET_NAME)";
				SWIFT_VERSION = 4.0;
				TARGETED_DEVICE_FAMILY = "1,2";
				TEST_HOST = "$(BUILT_PRODUCTS_DIR)/CoreML-Vision-ObjectRecognizer.app/CoreML-Vision-ObjectRecognizer";
			};
			name = Release;
		};
		B07C9A38210DADE80030892B /* Debug */ = {
			isa = XCBuildConfiguration;
			buildSettings = {
				ALWAYS_EMBED_SWIFT_STANDARD_LIBRARIES = YES;
				CODE_SIGN_STYLE = Automatic;
				DEVELOPMENT_TEAM = 5QDX4L25MJ;
				INFOPLIST_FILE = "CoreML-Vision-ObjectRecognizerUITests/Info.plist";
				LD_RUNPATH_SEARCH_PATHS = (
					"$(inherited)",
					"@executable_path/Frameworks",
					"@loader_path/Frameworks",
				);
				PRODUCT_BUNDLE_IDENTIFIER = "com.adityachinchure.CoreML-Vision-ObjectRecognizerUITests";
				PRODUCT_NAME = "$(TARGET_NAME)";
				SWIFT_VERSION = 4.0;
				TARGETED_DEVICE_FAMILY = "1,2";
				TEST_TARGET_NAME = "CoreML-Vision-ObjectRecognizer";
			};
			name = Debug;
		};
		B07C9A39210DADE80030892B /* Release */ = {
			isa = XCBuildConfiguration;
			buildSettings = {
				ALWAYS_EMBED_SWIFT_STANDARD_LIBRARIES = YES;
				CODE_SIGN_STYLE = Automatic;
				DEVELOPMENT_TEAM = 5QDX4L25MJ;
				INFOPLIST_FILE = "CoreML-Vision-ObjectRecognizerUITests/Info.plist";
				LD_RUNPATH_SEARCH_PATHS = (
					"$(inherited)",
					"@executable_path/Frameworks",
					"@loader_path/Frameworks",
				);
				PRODUCT_BUNDLE_IDENTIFIER = "com.adityachinchure.CoreML-Vision-ObjectRecognizerUITests";
				PRODUCT_NAME = "$(TARGET_NAME)";
				SWIFT_VERSION = 4.0;
				TARGETED_DEVICE_FAMILY = "1,2";
				TEST_TARGET_NAME = "CoreML-Vision-ObjectRecognizer";
			};
			name = Release;
		};
/* End XCBuildConfiguration section */

/* Begin XCConfigurationList section */
		B07C9A04210DADE60030892B /* Build configuration list for PBXProject "CoreML-Vision-ObjectRecognizer" */ = {
			isa = XCConfigurationList;
			buildConfigurations = (
				B07C9A2F210DADE80030892B /* Debug */,
				B07C9A30210DADE80030892B /* Release */,
			);
			defaultConfigurationIsVisible = 0;
			defaultConfigurationName = Release;
		};
		B07C9A31210DADE80030892B /* Build configuration list for PBXNativeTarget "CoreML-Vision-ObjectRecognizer" */ = {
			isa = XCConfigurationList;
			buildConfigurations = (
				B07C9A32210DADE80030892B /* Debug */,
				B07C9A33210DADE80030892B /* Release */,
			);
			defaultConfigurationIsVisible = 0;
			defaultConfigurationName = Release;
		};
		B07C9A34210DADE80030892B /* Build configuration list for PBXNativeTarget "CoreML-Vision-ObjectRecognizerTests" */ = {
			isa = XCConfigurationList;
			buildConfigurations = (
				B07C9A35210DADE80030892B /* Debug */,
				B07C9A36210DADE80030892B /* Release */,
			);
			defaultConfigurationIsVisible = 0;
			defaultConfigurationName = Release;
		};
		B07C9A37210DADE80030892B /* Build configuration list for PBXNativeTarget "CoreML-Vision-ObjectRecognizerUITests" */ = {
			isa = XCConfigurationList;
			buildConfigurations = (
				B07C9A38210DADE80030892B /* Debug */,
				B07C9A39210DADE80030892B /* Release */,
			);
			defaultConfigurationIsVisible = 0;
			defaultConfigurationName = Release;
		};
/* End XCConfigurationList section */
	};
	rootObject = B07C9A01210DADE60030892B /* Project object */;
}
